
Microsoft Visual Studio Solution File, Format Version 12.00
# Visual Studio Version 17
VisualStudioVersion = 17.9.34607.119
MinimumVisualStudioVersion = 10.0.40219.1
Project("{FAE04EC0-301F-11D3-BF4B-00C04F79EFBC}") = "VarnetFileService", "VarnetFileService\VarnetFileService.csproj", "{9C8C95B0-E49F-4E37-8A2F-766BCEA6B6AD}"
EndProject
Project("{FAE04EC0-301F-11D3-BF4B-00C04F79EFBC}") = "VarnetFileServiceUnitTest", "VarnetFileServiceUnitTest\VarnetFileServiceUnitTest.csproj", "{D5D70FB1-2F0D-4685-9C3A-5CBE7A144BDF}"
EndProject
Global
	GlobalSection(SolutionConfigurationPlatforms) = preSolution
		Debug|Any CPU = Debug|Any CPU
		Release|Any CPU = Release|Any CPU
	EndGlobalSection
	GlobalSection(ProjectConfigurationPlatforms) = postSolution
		{9C8C95B0-E49F-4E37-8A2F-766BCEA6B6AD}.Debug|Any CPU.ActiveCfg = Debug|Any CPU
		{9C8C95B0-E49F-4E37-8A2F-766BCEA6B6AD}.Debug|Any CPU.Build.0 = Debug|Any CPU
		{9C8C95B0-E49F-4E37-8A2F-766BCEA6B6AD}.Release|Any CPU.ActiveCfg = Release|Any CPU
		{9C8C95B0-E49F-4E37-8A2F-766BCEA6B6AD}.Release|Any CPU.Build.0 = Release|Any CPU
		{D5D70FB1-2F0D-4685-9C3A-5CBE7A144BDF}.Debug|Any CPU.ActiveCfg = Debug|Any CPU
		{D5D70FB1-2F0D-4685-9C3A-5CBE7A144BDF}.Debug|Any CPU.Build.0 = Debug|Any CPU
		{D5D70FB1-2F0D-4685-9C3A-5CBE7A144BDF}.Release|Any CPU.ActiveCfg = Release|Any CPU
		{D5D70FB1-2F0D-4685-9C3A-5CBE7A144BDF}.Release|Any CPU.Build.0 = Release|Any CPU
	EndGlobalSection
	GlobalSection(SolutionProperties) = preSolution
		HideSolutionNode = FALSE
	EndGlobalSection
	GlobalSection(ExtensibilityGlobals) = postSolution
		SolutionGuid = {252F9159-93D4-4610-98B8-33841CF13814}
	EndGlobalSection
EndGlobal
